
Microsoft Visual Studio Solution File, Format Version 12.00
# Visual Studio Version 16
VisualStudioVersion = 16.0.29509.3
MinimumVisualStudioVersion = 10.0.40219.1
Project("{9A19103F-16F7-4668-BE54-9A1E7A4F7556}") = "InstallScript", ".\src\InstallScript\InstallScript.csproj", "{901EE083-822D-4D70-A5C3-CD891CA9F124}"
EndProject
Project("{FAE04EC0-301F-11D3-BF4B-00C04F79EFBC}") = "InstallScript.Test", ".\test\InstallScript.Test\InstallScript.Test.csproj", "{FBE5534A-FA93-4796-B5C4-C3C0E0618C1F}"
EndProject
Global
	GlobalSection(SolutionConfigurationPlatforms) = preSolution
		Debug|Any CPU = Debug|Any CPU
		Release|Any CPU = Release|Any CPU
	EndGlobalSection
	GlobalSection(ProjectConfigurationPlatforms) = postSolution
		{901EE083-822D-4D70-A5C3-CD891CA9F124}.Debug|Any CPU.ActiveCfg = Debug|Any CPU
		{901EE083-822D-4D70-A5C3-CD891CA9F124}.Debug|Any CPU.Build.0 = Debug|Any CPU
		{901EE083-822D-4D70-A5C3-CD891CA9F124}.Release|Any CPU.ActiveCfg = Release|Any CPU
		{901EE083-822D-4D70-A5C3-CD891CA9F124}.Release|Any CPU.Build.0 = Release|Any CPU
		{FBE5534A-FA93-4796-B5C4-C3C0E0618C1F}.Debug|Any CPU.ActiveCfg = Debug|Any CPU
		{FBE5534A-FA93-4796-B5C4-C3C0E0618C1F}.Debug|Any CPU.Build.0 = Debug|Any CPU
		{FBE5534A-FA93-4796-B5C4-C3C0E0618C1F}.Release|Any CPU.ActiveCfg = Release|Any CPU
		{FBE5534A-FA93-4796-B5C4-C3C0E0618C1F}.Release|Any CPU.Build.0 = Release|Any CPU
	EndGlobalSection
	GlobalSection(SolutionProperties) = preSolution
		HideSolutionNode = FALSE
	EndGlobalSection
	GlobalSection(ExtensibilityGlobals) = postSolution
		SolutionGuid = {F64DA7EE-DC7E-49A0-B001-099A1D35C03E}
	EndGlobalSection
EndGlobal
